// !$*UTF8*$!
{
	archiveVersion = 1;
	classes = {
	};
	objectVersion = 46;
	objects = {

/* Begin PBXBuildFile section */
		312FFE281AA7E89C005D5477 /* main.m in Sources */ = {isa = PBXBuildFile; fileRef = 312FFE271AA7E89C005D5477 /* main.m */; };
		312FFE2B1AA7E89C005D5477 /* AppDelegate.m in Sources */ = {isa = PBXBuildFile; fileRef = 312FFE2A1AA7E89C005D5477 /* AppDelegate.m */; };
		312FFE2E1AA7E89C005D5477 /* ViewController.m in Sources */ = {isa = PBXBuildFile; fileRef = 312FFE2D1AA7E89C005D5477 /* ViewController.m */; };
		312FFE311AA7E89D005D5477 /* Main.storyboard in Resources */ = {isa = PBXBuildFile; fileRef = 312FFE2F1AA7E89D005D5477 /* Main.storyboard */; };
		312FFE331AA7E89D005D5477 /* Images.xcassets in Resources */ = {isa = PBXBuildFile; fileRef = 312FFE321AA7E89D005D5477 /* Images.xcassets */; };
		312FFE361AA7E89D005D5477 /* LaunchScreen.xib in Resources */ = {isa = PBXBuildFile; fileRef = 312FFE341AA7E89D005D5477 /* LaunchScreen.xib */; };
		312FFE421AA7E89D005D5477 /* MetroAppTests.m in Sources */ = {isa = PBXBuildFile; fileRef = 312FFE411AA7E89D005D5477 /* MetroAppTests.m */; };
/* End PBXBuildFile section */

/* Begin PBXContainerItemProxy section */
		312FFE3C1AA7E89D005D5477 /* PBXContainerItemProxy */ = {
			isa = PBXContainerItemProxy;
			containerPortal = 312FFE1A1AA7E89C005D5477 /* Project object */;
			proxyType = 1;
			remoteGlobalIDString = 312FFE211AA7E89C005D5477;
			remoteInfo = MetroApp;
		};
/* End PBXContainerItemProxy section */

/* Begin PBXFileReference section */
		312FFE221AA7E89C005D5477 /* MetroApp.app */ = {isa = PBXFileReference; explicitFileType = wrapper.application; includeInIndex = 0; path = MetroApp.app; sourceTree = BUILT_PRODUCTS_DIR; };
		312FFE261AA7E89C005D5477 /* Info.plist */ = {isa = PBXFileReference; lastKnownFileType = text.plist.xml; path = Info.plist; sourceTree = "<group>"; };
		312FFE271AA7E89C005D5477 /* main.m */ = {isa = PBXFileReference; lastKnownFileType = sourcecode.c.objc; path = main.m; sourceTree = "<group>"; };
		312FFE291AA7E89C005D5477 /* AppDelegate.h */ = {isa = PBXFileReference; lastKnownFileType = sourcecode.c.h; path = AppDelegate.h; sourceTree = "<group>"; };
		312FFE2A1AA7E89C005D5477 /* AppDelegate.m */ = {isa = PBXFileReference; lastKnownFileType = sourcecode.c.objc; path = AppDelegate.m; sourceTree = "<group>"; };
		312FFE2C1AA7E89C005D5477 /* ViewController.h */ = {isa = PBXFileReference; lastKnownFileType = sourcecode.c.h; path = ViewController.h; sourceTree = "<group>"; };
		312FFE2D1AA7E89C005D5477 /* ViewController.m */ = {isa = PBXFileReference; lastKnownFileType = sourcecode.c.objc; path = ViewController.m; sourceTree = "<group>"; };
		312FFE301AA7E89D005D5477 /* Base */ = {isa = PBXFileReference; lastKnownFileType = file.storyboard; name = Base; path = Base.lproj/Main.storyboard; sourceTree = "<group>"; };
		312FFE321AA7E89D005D5477 /* Images.xcassets */ = {isa = PBXFileReference; lastKnownFileType = folder.assetcatalog; path = Images.xcassets; sourceTree = "<group>"; };
		312FFE351AA7E89D005D5477 /* Base */ = {isa = PBXFileReference; lastKnownFileType = file.xib; name = Base; path = Base.lproj/LaunchScreen.xib; sourceTree = "<group>"; };
		312FFE3B1AA7E89D005D5477 /* MetroAppTests.xctest */ = {isa = PBXFileReference; explicitFileType = wrapper.cfbundle; includeInIndex = 0; path = MetroAppTests.xctest; sourceTree = BUILT_PRODUCTS_DIR; };
		312FFE401AA7E89D005D5477 /* Info.plist */ = {isa = PBXFileReference; lastKnownFileType = text.plist.xml; path = Info.plist; sourceTree = "<group>"; };
		312FFE411AA7E89D005D5477 /* MetroAppTests.m */ = {isa = PBXFileReference; lastKnownFileType = sourcecode.c.objc; path = MetroAppTests.m; sourceTree = "<group>"; };
/* End PBXFileReference section */

/* Begin PBXFrameworksBuildPhase section */
		312FFE1F1AA7E89C005D5477 /* Frameworks */ = {
			isa = PBXFrameworksBuildPhase;
			buildActionMask = 2147483647;
			files = (
			);
			runOnlyForDeploymentPostprocessing = 0;
		};
		312FFE381AA7E89D005D5477 /* Frameworks */ = {
			isa = PBXFrameworksBuildPhase;
			buildActionMask = 2147483647;
			files = (
			);
			runOnlyForDeploymentPostprocessing = 0;
		};
/* End PBXFrameworksBuildPhase section */

/* Begin PBXGroup section */
		312FFE191AA7E89C005D5477 = {
			isa = PBXGroup;
			children = (
				312FFE241AA7E89C005D5477 /* MetroApp */,
				312FFE3E1AA7E89D005D5477 /* MetroAppTests */,
				312FFE231AA7E89C005D5477 /* Products */,
			);
			sourceTree = "<group>";
		};
		312FFE231AA7E89C005D5477 /* Products */ = {
			isa = PBXGroup;
			children = (
				312FFE221AA7E89C005D5477 /* MetroApp.app */,
				312FFE3B1AA7E89D005D5477 /* MetroAppTests.xctest */,
			);
			name = Products;
			sourceTree = "<group>";
		};
		312FFE241AA7E89C005D5477 /* MetroApp */ = {
			isa = PBXGroup;
			children = (
				312FFE291AA7E89C005D5477 /* AppDelegate.h */,
				312FFE2A1AA7E89C005D5477 /* AppDelegate.m */,
				312FFE2C1AA7E89C005D5477 /* ViewController.h */,
				312FFE2D1AA7E89C005D5477 /* ViewController.m */,
				312FFE2F1AA7E89D005D5477 /* Main.storyboard */,
				312FFE321AA7E89D005D5477 /* Images.xcassets */,
				312FFE341AA7E89D005D5477 /* LaunchScreen.xib */,
				312FFE251AA7E89C005D5477 /* Supporting Files */,
			);
			path = MetroApp;
			sourceTree = "<group>";
		};
		312FFE251AA7E89C005D5477 /* Supporting Files */ = {
			isa = PBXGroup;
			children = (
				312FFE261AA7E89C005D5477 /* Info.plist */,
				312FFE271AA7E89C005D5477 /* main.m */,
			);
			name = "Supporting Files";
			sourceTree = "<group>";
		};
		312FFE3E1AA7E89D005D5477 /* MetroAppTests */ = {
			isa = PBXGroup;
			children = (
				312FFE411AA7E89D005D5477 /* MetroAppTests.m */,
				312FFE3F1AA7E89D005D5477 /* Supporting Files */,
			);
			path = MetroAppTests;
			sourceTree = "<group>";
		};
		312FFE3F1AA7E89D005D5477 /* Supporting Files */ = {
			isa = PBXGroup;
			children = (
				312FFE401AA7E89D005D5477 /* Info.plist */,
			);
			name = "Supporting Files";
			sourceTree = "<group>";
		};
/* End PBXGroup section */

/* Begin PBXNativeTarget section */
		312FFE211AA7E89C005D5477 /* MetroApp */ = {
			isa = PBXNativeTarget;
			buildConfigurationList = 312FFE451AA7E89D005D5477 /* Build configuration list for PBXNativeTarget "MetroApp" */;
			buildPhases = (
				312FFE1E1AA7E89C005D5477 /* Sources */,
				312FFE1F1AA7E89C005D5477 /* Frameworks */,
				312FFE201AA7E89C005D5477 /* Resources */,
			);
			buildRules = (
			);
			dependencies = (
			);
			name = MetroApp;
			productName = MetroApp;
			productReference = 312FFE221AA7E89C005D5477 /* MetroApp.app */;
			productType = "com.apple.product-type.application";
		};
		312FFE3A1AA7E89D005D5477 /* MetroAppTests */ = {
			isa = PBXNativeTarget;
			buildConfigurationList = 312FFE481AA7E89D005D5477 /* Build configuration list for PBXNativeTarget "MetroAppTests" */;
			buildPhases = (
				312FFE371AA7E89D005D5477 /* Sources */,
				312FFE381AA7E89D005D5477 /* Frameworks */,
				312FFE391AA7E89D005D5477 /* Resources */,
			);
			buildRules = (
			);
			dependencies = (
				312FFE3D1AA7E89D005D5477 /* PBXTargetDependency */,
			);
			name = MetroAppTests;
			productName = MetroAppTests;
			productReference = 312FFE3B1AA7E89D005D5477 /* MetroAppTests.xctest */;
			productType = "com.apple.product-type.bundle.unit-test";
		};
/* End PBXNativeTarget section */

/* Begin PBXProject section */
		312FFE1A1AA7E89C005D5477 /* Project object */ = {
			isa = PBXProject;
			attributes = {
				LastUpgradeCheck = 0610;
				ORGANIZATIONNAME = Nought;
				TargetAttributes = {
					312FFE211AA7E89C005D5477 = {
						CreatedOnToolsVersion = 6.1.1;
					};
					312FFE3A1AA7E89D005D5477 = {
						CreatedOnToolsVersion = 6.1.1;
						TestTargetID = 312FFE211AA7E89C005D5477;
					};
				};
			};
			buildConfigurationList = 312FFE1D1AA7E89C005D5477 /* Build configuration list for PBXProject "MetroApp" */;
			compatibilityVersion = "Xcode 3.2";
			developmentRegion = English;
			hasScannedForEncodings = 0;
			knownRegions = (
				en,
				Base,
			);
			mainGroup = 312FFE191AA7E89C005D5477;
			productRefGroup = 312FFE231AA7E89C005D5477 /* Products */;
			projectDirPath = "";
			projectRoot = "";
			targets = (
				312FFE211AA7E89C005D5477 /* MetroApp */,
				312FFE3A1AA7E89D005D5477 /* MetroAppTests */,
			);
		};
/* End PBXProject section */

/* Begin PBXResourcesBuildPhase section */
		312FFE201AA7E89C005D5477 /* Resources */ = {
			isa = PBXResourcesBuildPhase;
			buildActionMask = 2147483647;
			files = (
				312FFE311AA7E89D005D5477 /* Main.storyboard in Resources */,
				312FFE361AA7E89D005D5477 /* LaunchScreen.xib in Resources */,
				312FFE331AA7E89D005D5477 /* Images.xcassets in Resources */,
			);
			runOnlyForDeploymentPostprocessing = 0;
		};
		312FFE391AA7E89D005D5477 /* Resources */ = {
			isa = PBXResourcesBuildPhase;
			buildActionMask = 2147483647;
			files = (
			);
			runOnlyForDeploymentPostprocessing = 0;
		};
/* End PBXResourcesBuildPhase section */

/* Begin PBXSourcesBuildPhase section */
		312FFE1E1AA7E89C005D5477 /* Sources */ = {
			isa = PBXSourcesBuildPhase;
			buildActionMask = 2147483647;
			files = (
				312FFE2E1AA7E89C005D5477 /* ViewController.m in Sources */,
				312FFE2B1AA7E89C005D5477 /* AppDelegate.m in Sources */,
				312FFE281AA7E89C005D5477 /* main.m in Sources */,
			);
			runOnlyForDeploymentPostprocessing = 0;
		};
		312FFE371AA7E89D005D5477 /* Sources */ = {
			isa = PBXSourcesBuildPhase;
			buildActionMask = 2147483647;
			files = (
				312FFE421AA7E89D005D5477 /* MetroAppTests.m in Sources */,
			);
			runOnlyForDeploymentPostprocessing = 0;
		};
/* End PBXSourcesBuildPhase section */

/* Begin PBXTargetDependency section */
		312FFE3D1AA7E89D005D5477 /* PBXTargetDependency */ = {
			isa = PBXTargetDependency;
			target = 312FFE211AA7E89C005D5477 /* MetroApp */;
			targetProxy = 312FFE3C1AA7E89D005D5477 /* PBXContainerItemProxy */;
		};
/* End PBXTargetDependency section */

/* Begin PBXVariantGroup section */
		312FFE2F1AA7E89D005D5477 /* Main.storyboard */ = {
			isa = PBXVariantGroup;
			children = (
				312FFE301AA7E89D005D5477 /* Base */,
			);
			name = Main.storyboard;
			sourceTree = "<group>";
		};
		312FFE341AA7E89D005D5477 /* LaunchScreen.xib */ = {
			isa = PBXVariantGroup;
			children = (
				312FFE351AA7E89D005D5477 /* Base */,
			);
			name = LaunchScreen.xib;
			sourceTree = "<group>";
		};
/* End PBXVariantGroup section */

/* Begin XCBuildConfiguration section */
		312FFE431AA7E89D005D5477 /* Debug */ = {
			isa = XCBuildConfiguration;
			buildSettings = {
				ALWAYS_SEARCH_USER_PATHS = NO;
				CLANG_CXX_LANGUAGE_STANDARD = "gnu++0x";
				CLANG_CXX_LIBRARY = "libc++";
				CLANG_ENABLE_MODULES = YES;
				CLANG_ENABLE_OBJC_ARC = YES;
				CLANG_WARN_BOOL_CONVERSION = YES;
				CLANG_WARN_CONSTANT_CONVERSION = YES;
				CLANG_WARN_DIRECT_OBJC_ISA_USAGE = YES_ERROR;
				CLANG_WARN_EMPTY_BODY = YES;
				CLANG_WARN_ENUM_CONVERSION = YES;
				CLANG_WARN_INT_CONVERSION = YES;
				CLANG_WARN_OBJC_ROOT_CLASS = YES_ERROR;
				CLANG_WARN_UNREACHABLE_CODE = YES;
				CLANG_WARN__DUPLICATE_METHOD_MATCH = YES;
				"CODE_SIGN_IDENTITY[sdk=iphoneos*]" = "iPhone Developer";
				COPY_PHASE_STRIP = NO;
				ENABLE_STRICT_OBJC_MSGSEND = YES;
				GCC_C_LANGUAGE_STANDARD = gnu99;
				GCC_DYNAMIC_NO_PIC = NO;
				GCC_OPTIMIZATION_LEVEL = 0;
				GCC_PREPROCESSOR_DEFINITIONS = (
					"DEBUG=1",
					"$(inherited)",
				);
				GCC_SYMBOLS_PRIVATE_EXTERN = NO;
				GCC_WARN_64_TO_32_BIT_CONVERSION = YES;
				GCC_WARN_ABOUT_RETURN_TYPE = YES_ERROR;
				GCC_WARN_UNDECLARED_SELECTOR = YES;
				GCC_WARN_UNINITIALIZED_AUTOS = YES_AGGRESSIVE;
				GCC_WARN_UNUSED_FUNCTION = YES;
				GCC_WARN_UNUSED_VARIABLE = YES;
				IPHONEOS_DEPLOYMENT_TARGET = 8.1;
				MTL_ENABLE_DEBUG_INFO = YES;
				ONLY_ACTIVE_ARCH = YES;
				SDKROOT = iphoneos;
				TARGETED_DEVICE_FAMILY = "1,2";
			};
			name = Debug;
		};
		312FFE441AA7E89D005D5477 /* Release */ = {
			isa = XCBuildConfiguration;
			buildSettings = {
				ALWAYS_SEARCH_USER_PATHS = NO;
				CLANG_CXX_LANGUAGE_STANDARD = "gnu++0x";
				CLANG_CXX_LIBRARY = "libc++";
				CLANG_ENABLE_MODULES = YES;
				CLANG_ENABLE_OBJC_ARC = YES;
				CLANG_WARN_BOOL_CONVERSION = YES;
				CLANG_WARN_CONSTANT_CONVERSION = YES;
				CLANG_WARN_DIRECT_OBJC_ISA_USAGE = YES_ERROR;
				CLANG_WARN_EMPTY_BODY = YES;
				CLANG_WARN_ENUM_CONVERSION = YES;
				CLANG_WARN_INT_CONVERSION = YES;
				CLANG_WARN_OBJC_ROOT_CLASS = YES_ERROR;
				CLANG_WARN_UNREACHABLE_CODE = YES;
				CLANG_WARN__DUPLICATE_METHOD_MATCH = YES;
				"CODE_SIGN_IDENTITY[sdk=iphoneos*]" = "iPhone Developer";
				COPY_PHASE_STRIP = YES;
				ENABLE_NS_ASSERTIONS = NO;
				ENABLE_STRICT_OBJC_MSGSEND = YES;
				GCC_C_LANGUAGE_STANDARD = gnu99;
				GCC_WARN_64_TO_32_BIT_CONVERSION = YES;
				GCC_WARN_ABOUT_RETURN_TYPE = YES_ERROR;
				GCC_WARN_UNDECLARED_SELECTOR = YES;
				GCC_WARN_UNINITIALIZED_AUTOS = YES_AGGRESSIVE;
				GCC_WARN_UNUSED_FUNCTION = YES;
				GCC_WARN_UNUSED_VARIABLE = YES;
				IPHONEOS_DEPLOYMENT_TARGET = 8.1;
				MTL_ENABLE_DEBUG_INFO = NO;
				SDKROOT = iphoneos;
				TARGETED_DEVICE_FAMILY = "1,2";
				VALIDATE_PRODUCT = YES;
			};
			name = Release;
		};
		312FFE461AA7E89D005D5477 /* Debug */ = {
			isa = XCBuildConfiguration;
			buildSettings = {
				ASSETCATALOG_COMPILER_APPICON_NAME = AppIcon;
				INFOPLIST_FILE = MetroApp/Info.plist;
				LD_RUNPATH_SEARCH_PATHS = "$(inherited) @executable_path/Frameworks";
				PRODUCT_NAME = "$(TARGET_NAME)";
			};
			name = Debug;
		};
		312FFE471AA7E89D005D5477 /* Release */ = {
			isa = XCBuildConfiguration;
			buildSettings = {
				ASSETCATALOG_COMPILER_APPICON_NAME = AppIcon;
				INFOPLIST_FILE = MetroApp/Info.plist;
				LD_RUNPATH_SEARCH_PATHS = "$(inherited) @executable_path/Frameworks";
				PRODUCT_NAME = "$(TARGET_NAME)";
			};
			name = Release;
		};
		312FFE491AA7E89D005D5477 /* Debug */ = {
			isa = XCBuildConfiguration;
			buildSettings = {
				BUNDLE_LOADER = "$(TEST_HOST)";
				FRAMEWORK_SEARCH_PATHS = (
					"$(SDKROOT)/Developer/Library/Frameworks",
					"$(inherited)",
				);
				GCC_PREPROCESSOR_DEFINITIONS = (
					"DEBUG=1",
					"$(inherited)",
				);
				INFOPLIST_FILE = MetroAppTests/Info.plist;
				LD_RUNPATH_SEARCH_PATHS = "$(inherited) @executable_path/Frameworks @loader_path/Frameworks";
				PRODUCT_NAME = "$(TARGET_NAME)";
				TEST_HOST = "$(BUILT_PRODUCTS_DIR)/MetroApp.app/MetroApp";
			};
			name = Debug;
		};
		312FFE4A1AA7E89D005D5477 /* Release */ = {
			isa = XCBuildConfiguration;
			buildSettings = {
				BUNDLE_LOADER = "$(TEST_HOST)";
				FRAMEWORK_SEARCH_PATHS = (
					"$(SDKROOT)/Developer/Library/Frameworks",
					"$(inherited)",
				);
				INFOPLIST_FILE = MetroAppTests/Info.plist;
				LD_RUNPATH_SEARCH_PATHS = "$(inherited) @executable_path/Frameworks @loader_path/Frameworks";
				PRODUCT_NAME = "$(TARGET_NAME)";
				TEST_HOST = "$(BUILT_PRODUCTS_DIR)/MetroApp.app/MetroApp";
			};
			name = Release;
		};
/* End XCBuildConfiguration section */

/* Begin XCConfigurationList section */
		312FFE1D1AA7E89C005D5477 /* Build configuration list for PBXProject "MetroApp" */ = {
			isa = XCConfigurationList;
			buildConfigurations = (
				312FFE431AA7E89D005D5477 /* Debug */,
				312FFE441AA7E89D005D5477 /* Release */,
			);
			defaultConfigurationIsVisible = 0;
			defaultConfigurationName = Release;
		};
		312FFE451AA7E89D005D5477 /* Build configuration list for PBXNativeTarget "MetroApp" */ = {
			isa = XCConfigurationList;
			buildConfigurations = (
				312FFE461AA7E89D005D5477 /* Debug */,
				312FFE471AA7E89D005D5477 /* Release */,
			);
			defaultConfigurationIsVisible = 0;
		};
		312FFE481AA7E89D005D5477 /* Build configuration list for PBXNativeTarget "MetroAppTests" */ = {
			isa = XCConfigurationList;
			buildConfigurations = (
				312FFE491AA7E89D005D5477 /* Debug */,
				312FFE4A1AA7E89D005D5477 /* Release */,
			);
			defaultConfigurationIsVisible = 0;
		};
/* End XCConfigurationList section */
	};
	rootObject = 312FFE1A1AA7E89C005D5477 /* Project object */;
}
