// !$*UTF8*$!
{
	archiveVersion = 1;
	classes = {
	};
	objectVersion = 46;
	objects = {

/* Begin PBXBuildFile section */
		310A04981ACB323C000E1B8E /* StopNameDatabase.m in Sources */ = {isa = PBXBuildFile; fileRef = 310A04971ACB323C000E1B8E /* StopNameDatabase.m */; };
		310A05161ACB3858000E1B8E /* Log.java in Sources */ = {isa = PBXBuildFile; fileRef = 310A04C91ACB3858000E1B8E /* Log.java */; };
		310A05171ACB3858000E1B8E /* Tracking.java in Sources */ = {isa = PBXBuildFile; fileRef = 310A04CA1ACB3858000E1B8E /* Tracking.java */; };
		310A05181ACB3858000E1B8E /* BasicLocation.java in Sources */ = {isa = PBXBuildFile; fileRef = 310A04CC1ACB3858000E1B8E /* BasicLocation.java */; };
		310A05191ACB3858000E1B8E /* Destination.java in Sources */ = {isa = PBXBuildFile; fileRef = 310A04CD1ACB3858000E1B8E /* Destination.java */; };
		310A051A1ACB3858000E1B8E /* Route.java in Sources */ = {isa = PBXBuildFile; fileRef = 310A04CE1ACB3858000E1B8E /* Route.java */; };
		310A051B1ACB3858000E1B8E /* ServiceRequest.java in Sources */ = {isa = PBXBuildFile; fileRef = 310A04CF1ACB3858000E1B8E /* ServiceRequest.java */; };
		310A051C1ACB3858000E1B8E /* Stop.java in Sources */ = {isa = PBXBuildFile; fileRef = 310A04D01ACB3858000E1B8E /* Stop.java */; };
		310A051D1ACB3858000E1B8E /* StopServiceRequest.java in Sources */ = {isa = PBXBuildFile; fileRef = 310A04D11ACB3858000E1B8E /* StopServiceRequest.java */; };
		310A051E1ACB3858000E1B8E /* Vehicle.java in Sources */ = {isa = PBXBuildFile; fileRef = 310A04D21ACB3858000E1B8E /* Vehicle.java */; };
		310A051F1ACB3858000E1B8E /* HTTPGetter.java in Sources */ = {isa = PBXBuildFile; fileRef = 310A04D41ACB3858000E1B8E /* HTTPGetter.java */; };
		310A05201ACB3858000E1B8E /* PredictionManager.java in Sources */ = {isa = PBXBuildFile; fileRef = 310A04D51ACB3858000E1B8E /* PredictionManager.java */; };
		310A05211ACB3858000E1B8E /* Arrival.java in Sources */ = {isa = PBXBuildFile; fileRef = 310A04D71ACB3858000E1B8E /* Arrival.java */; };
		310A05221ACB3858000E1B8E /* MultiArrivalTrip.java in Sources */ = {isa = PBXBuildFile; fileRef = 310A04D81ACB3858000E1B8E /* MultiArrivalTrip.java */; };
		310A05231ACB3858000E1B8E /* Prediction.java in Sources */ = {isa = PBXBuildFile; fileRef = 310A04D91ACB3858000E1B8E /* Prediction.java */; };
		310A05241ACB3858000E1B8E /* StopRouteDestinationArrival.java in Sources */ = {isa = PBXBuildFile; fileRef = 310A04DA1ACB3858000E1B8E /* StopRouteDestinationArrival.java */; };
		310A05251ACB3858000E1B8E /* StopRouteDestinationPrediction.java in Sources */ = {isa = PBXBuildFile; fileRef = 310A04DB1ACB3858000E1B8E /* StopRouteDestinationPrediction.java */; };
		310A05261ACB3858000E1B8E /* Trip.java in Sources */ = {isa = PBXBuildFile; fileRef = 310A04DC1ACB3858000E1B8E /* Trip.java */; };
		310A05271ACB3858000E1B8E /* LaMetroUtil.java in Sources */ = {isa = PBXBuildFile; fileRef = 310A04DD1ACB3858000E1B8E /* LaMetroUtil.java */; };
		310A05281ACB3858000E1B8E /* GlobalLocationProvider.java in Sources */ = {isa = PBXBuildFile; fileRef = 310A04DF1ACB3858000E1B8E /* GlobalLocationProvider.java */; };
		310A05291ACB3858000E1B8E /* LocationRetriever.java in Sources */ = {isa = PBXBuildFile; fileRef = 310A04E01ACB3858000E1B8E /* LocationRetriever.java */; };
		310A052A1ACB3858000E1B8E /* NetworkStatusReporter.java in Sources */ = {isa = PBXBuildFile; fileRef = 310A04E21ACB3858000E1B8E /* NetworkStatusReporter.java */; };
		310A052B1ACB3858000E1B8E /* ServiceRequestHandler.java in Sources */ = {isa = PBXBuildFile; fileRef = 310A04E31ACB3858000E1B8E /* ServiceRequestHandler.java */; };
		310A052C1ACB3858000E1B8E /* RouteColorer.java in Sources */ = {isa = PBXBuildFile; fileRef = 310A04E51ACB3858000E1B8E /* RouteColorer.java */; };
		310A052D1ACB3858000E1B8E /* StopLocationTranslator.java in Sources */ = {isa = PBXBuildFile; fileRef = 310A04E61ACB3858000E1B8E /* StopLocationTranslator.java */; };
		310A052E1ACB3858000E1B8E /* StopNameTranslator.java in Sources */ = {isa = PBXBuildFile; fileRef = 310A04E71ACB3858000E1B8E /* StopNameTranslator.java */; };
		310A052F1ACB3858000E1B8E /* RouteColor.java in Sources */ = {isa = PBXBuildFile; fileRef = 310A04E91ACB3858000E1B8E /* RouteColor.java */; };
		312FFE281AA7E89C005D5477 /* main.m in Sources */ = {isa = PBXBuildFile; fileRef = 312FFE271AA7E89C005D5477 /* main.m */; };
		312FFE2B1AA7E89C005D5477 /* AppDelegate.m in Sources */ = {isa = PBXBuildFile; fileRef = 312FFE2A1AA7E89C005D5477 /* AppDelegate.m */; };
		312FFE2E1AA7E89C005D5477 /* ViewController.m in Sources */ = {isa = PBXBuildFile; fileRef = 312FFE2D1AA7E89C005D5477 /* ViewController.m */; };
		312FFE311AA7E89D005D5477 /* Main.storyboard in Resources */ = {isa = PBXBuildFile; fileRef = 312FFE2F1AA7E89D005D5477 /* Main.storyboard */; };
		312FFE331AA7E89D005D5477 /* Images.xcassets in Resources */ = {isa = PBXBuildFile; fileRef = 312FFE321AA7E89D005D5477 /* Images.xcassets */; };
		312FFE361AA7E89D005D5477 /* LaunchScreen.xib in Resources */ = {isa = PBXBuildFile; fileRef = 312FFE341AA7E89D005D5477 /* LaunchScreen.xib */; };
		312FFE421AA7E89D005D5477 /* MetroAppTests.m in Sources */ = {isa = PBXBuildFile; fileRef = 312FFE411AA7E89D005D5477 /* MetroAppTests.m */; };
		312FFF381AA7EA4C005D5477 /* libz.dylib in Frameworks */ = {isa = PBXBuildFile; fileRef = 312FFF371AA7EA4C005D5477 /* libz.dylib */; };
		312FFF3A1AA7EA55005D5477 /* Security.framework in Frameworks */ = {isa = PBXBuildFile; fileRef = 312FFF391AA7EA55005D5477 /* Security.framework */; };
		312FFF3C1AA7EA63005D5477 /* libicucore.dylib in Frameworks */ = {isa = PBXBuildFile; fileRef = 312FFF3B1AA7EA63005D5477 /* libicucore.dylib */; };
		312FFF3E1AA830BF005D5477 /* ic_launcher.png in Resources */ = {isa = PBXBuildFile; fileRef = 312FFF3D1AA830BF005D5477 /* ic_launcher.png */; };
		31865C7E1AC61EFF007421BE /* MetroAppViewController.m in Sources */ = {isa = PBXBuildFile; fileRef = 31865C7D1AC61EFF007421BE /* MetroAppViewController.m */; };
		31865C851AC7E693007421BE /* Stops.xcdatamodeld in Sources */ = {isa = PBXBuildFile; fileRef = 31865C831AC7E693007421BE /* Stops.xcdatamodeld */; };
		31865C891AC7EA04007421BE /* libsqlite3.dylib in Frameworks */ = {isa = PBXBuildFile; fileRef = 31865C881AC7EA04007421BE /* libsqlite3.dylib */; };
		31865C901AC7EAAC007421BE /* StopNameInfo.m in Sources */ = {isa = PBXBuildFile; fileRef = 31865C8F1AC7EAAC007421BE /* StopNameInfo.m */; };
		31865C921AC7F546007421BE /* libsqlite3.dylib in Frameworks */ = {isa = PBXBuildFile; fileRef = 31865C881AC7EA04007421BE /* libsqlite3.dylib */; };
		31865C941AC7FAAA007421BE /* StopNames.sqlite3 in Resources */ = {isa = PBXBuildFile; fileRef = 31865C931AC7FAAA007421BE /* StopNames.sqlite3 */; };
		31A87BB31AAAA63B00013DEC /* PredictionManager.m in Sources */ = {isa = PBXBuildFile; fileRef = 31A87BB21AAAA63B00013DEC /* PredictionManager.m */; };
/* End PBXBuildFile section */

/* Begin PBXBuildRule section */
		312FFF361AA7E92B005D5477 /* PBXBuildRule */ = {
			isa = PBXBuildRule;
			compilerSpec = com.apple.compilers.proxy.script;
			fileType = sourcecode.java;
			isEditable = 1;
			outputFiles = (
				"${DERIVED_FILES_DIR}/${INPUT_FILE_BASE}.h",
				"${DERIVED_FILES_DIR}/${INPUT_FILE_BASE}.m",
			);
			script = "/Users/nighelles/Desktop/j2objc-master/dist/j2objc -use-arc -d ${DERIVED_FILES_DIR} -sourcepath /Users/nighelles/Desktop/MetroAppIOS/MetroApp/MetroApp/metroapp/app/src/main/java -classpath /Users/nighelles/Desktop/MetroAppIOS/MetroApp/javadeps/ --no-package-directories ${INPUT_FILE_PATH};";
		};
/* End PBXBuildRule section */

/* Begin PBXContainerItemProxy section */
		312FFE3C1AA7E89D005D5477 /* PBXContainerItemProxy */ = {
			isa = PBXContainerItemProxy;
			containerPortal = 312FFE1A1AA7E89C005D5477 /* Project object */;
			proxyType = 1;
			remoteGlobalIDString = 312FFE211AA7E89C005D5477;
			remoteInfo = MetroApp;
		};
/* End PBXContainerItemProxy section */

/* Begin PBXFileReference section */
		310A04961ACB323C000E1B8E /* StopNameDatabase.h */ = {isa = PBXFileReference; fileEncoding = 4; lastKnownFileType = sourcecode.c.h; path = StopNameDatabase.h; sourceTree = "<group>"; };
		310A04971ACB323C000E1B8E /* StopNameDatabase.m */ = {isa = PBXFileReference; fileEncoding = 4; lastKnownFileType = sourcecode.c.objc; path = StopNameDatabase.m; sourceTree = "<group>"; };
		310A04C91ACB3858000E1B8E /* Log.java */ = {isa = PBXFileReference; fileEncoding = 4; lastKnownFileType = sourcecode.java; path = Log.java; sourceTree = "<group>"; };
		310A04CA1ACB3858000E1B8E /* Tracking.java */ = {isa = PBXFileReference; fileEncoding = 4; lastKnownFileType = sourcecode.java; path = Tracking.java; sourceTree = "<group>"; };
		310A04CC1ACB3858000E1B8E /* BasicLocation.java */ = {isa = PBXFileReference; fileEncoding = 4; lastKnownFileType = sourcecode.java; path = BasicLocation.java; sourceTree = "<group>"; };
		310A04CD1ACB3858000E1B8E /* Destination.java */ = {isa = PBXFileReference; fileEncoding = 4; lastKnownFileType = sourcecode.java; path = Destination.java; sourceTree = "<group>"; };
		310A04CE1ACB3858000E1B8E /* Route.java */ = {isa = PBXFileReference; fileEncoding = 4; lastKnownFileType = sourcecode.java; path = Route.java; sourceTree = "<group>"; };
		310A04CF1ACB3858000E1B8E /* ServiceRequest.java */ = {isa = PBXFileReference; fileEncoding = 4; lastKnownFileType = sourcecode.java; path = ServiceRequest.java; sourceTree = "<group>"; };
		310A04D01ACB3858000E1B8E /* Stop.java */ = {isa = PBXFileReference; fileEncoding = 4; lastKnownFileType = sourcecode.java; path = Stop.java; sourceTree = "<group>"; };
		310A04D11ACB3858000E1B8E /* StopServiceRequest.java */ = {isa = PBXFileReference; fileEncoding = 4; lastKnownFileType = sourcecode.java; path = StopServiceRequest.java; sourceTree = "<group>"; };
		310A04D21ACB3858000E1B8E /* Vehicle.java */ = {isa = PBXFileReference; fileEncoding = 4; lastKnownFileType = sourcecode.java; path = Vehicle.java; sourceTree = "<group>"; };
		310A04D41ACB3858000E1B8E /* HTTPGetter.java */ = {isa = PBXFileReference; fileEncoding = 4; lastKnownFileType = sourcecode.java; path = HTTPGetter.java; sourceTree = "<group>"; };
		310A04D51ACB3858000E1B8E /* PredictionManager.java */ = {isa = PBXFileReference; fileEncoding = 4; lastKnownFileType = sourcecode.java; path = PredictionManager.java; sourceTree = "<group>"; };
		310A04D71ACB3858000E1B8E /* Arrival.java */ = {isa = PBXFileReference; fileEncoding = 4; lastKnownFileType = sourcecode.java; path = Arrival.java; sourceTree = "<group>"; };
		310A04D81ACB3858000E1B8E /* MultiArrivalTrip.java */ = {isa = PBXFileReference; fileEncoding = 4; lastKnownFileType = sourcecode.java; path = MultiArrivalTrip.java; sourceTree = "<group>"; };
		310A04D91ACB3858000E1B8E /* Prediction.java */ = {isa = PBXFileReference; fileEncoding = 4; lastKnownFileType = sourcecode.java; path = Prediction.java; sourceTree = "<group>"; };
		310A04DA1ACB3858000E1B8E /* StopRouteDestinationArrival.java */ = {isa = PBXFileReference; fileEncoding = 4; lastKnownFileType = sourcecode.java; path = StopRouteDestinationArrival.java; sourceTree = "<group>"; };
		310A04DB1ACB3858000E1B8E /* StopRouteDestinationPrediction.java */ = {isa = PBXFileReference; fileEncoding = 4; lastKnownFileType = sourcecode.java; path = StopRouteDestinationPrediction.java; sourceTree = "<group>"; };
		310A04DC1ACB3858000E1B8E /* Trip.java */ = {isa = PBXFileReference; fileEncoding = 4; lastKnownFileType = sourcecode.java; path = Trip.java; sourceTree = "<group>"; };
		310A04DD1ACB3858000E1B8E /* LaMetroUtil.java */ = {isa = PBXFileReference; fileEncoding = 4; lastKnownFileType = sourcecode.java; path = LaMetroUtil.java; sourceTree = "<group>"; };
		310A04DF1ACB3858000E1B8E /* GlobalLocationProvider.java */ = {isa = PBXFileReference; fileEncoding = 4; lastKnownFileType = sourcecode.java; path = GlobalLocationProvider.java; sourceTree = "<group>"; };
		310A04E01ACB3858000E1B8E /* LocationRetriever.java */ = {isa = PBXFileReference; fileEncoding = 4; lastKnownFileType = sourcecode.java; path = LocationRetriever.java; sourceTree = "<group>"; };
		310A04E21ACB3858000E1B8E /* NetworkStatusReporter.java */ = {isa = PBXFileReference; fileEncoding = 4; lastKnownFileType = sourcecode.java; path = NetworkStatusReporter.java; sourceTree = "<group>"; };
		310A04E31ACB3858000E1B8E /* ServiceRequestHandler.java */ = {isa = PBXFileReference; fileEncoding = 4; lastKnownFileType = sourcecode.java; path = ServiceRequestHandler.java; sourceTree = "<group>"; };
		310A04E51ACB3858000E1B8E /* RouteColorer.java */ = {isa = PBXFileReference; fileEncoding = 4; lastKnownFileType = sourcecode.java; path = RouteColorer.java; sourceTree = "<group>"; };
		310A04E61ACB3858000E1B8E /* StopLocationTranslator.java */ = {isa = PBXFileReference; fileEncoding = 4; lastKnownFileType = sourcecode.java; path = StopLocationTranslator.java; sourceTree = "<group>"; };
		310A04E71ACB3858000E1B8E /* StopNameTranslator.java */ = {isa = PBXFileReference; fileEncoding = 4; lastKnownFileType = sourcecode.java; path = StopNameTranslator.java; sourceTree = "<group>"; };
		310A04E91ACB3858000E1B8E /* RouteColor.java */ = {isa = PBXFileReference; fileEncoding = 4; lastKnownFileType = sourcecode.java; path = RouteColor.java; sourceTree = "<group>"; };
		312FFE221AA7E89C005D5477 /* MetroApp.app */ = {isa = PBXFileReference; explicitFileType = wrapper.application; includeInIndex = 0; path = MetroApp.app; sourceTree = BUILT_PRODUCTS_DIR; };
		312FFE261AA7E89C005D5477 /* Info.plist */ = {isa = PBXFileReference; lastKnownFileType = text.plist.xml; path = Info.plist; sourceTree = "<group>"; };
		312FFE271AA7E89C005D5477 /* main.m */ = {isa = PBXFileReference; lastKnownFileType = sourcecode.c.objc; path = main.m; sourceTree = "<group>"; };
		312FFE291AA7E89C005D5477 /* AppDelegate.h */ = {isa = PBXFileReference; lastKnownFileType = sourcecode.c.h; path = AppDelegate.h; sourceTree = "<group>"; };
		312FFE2A1AA7E89C005D5477 /* AppDelegate.m */ = {isa = PBXFileReference; lastKnownFileType = sourcecode.c.objc; path = AppDelegate.m; sourceTree = "<group>"; };
		312FFE2C1AA7E89C005D5477 /* ViewController.h */ = {isa = PBXFileReference; lastKnownFileType = sourcecode.c.h; path = ViewController.h; sourceTree = "<group>"; };
		312FFE2D1AA7E89C005D5477 /* ViewController.m */ = {isa = PBXFileReference; lastKnownFileType = sourcecode.c.objc; path = ViewController.m; sourceTree = "<group>"; };
		312FFE301AA7E89D005D5477 /* Base */ = {isa = PBXFileReference; lastKnownFileType = file.storyboard; name = Base; path = Base.lproj/Main.storyboard; sourceTree = "<group>"; };
		312FFE321AA7E89D005D5477 /* Images.xcassets */ = {isa = PBXFileReference; lastKnownFileType = folder.assetcatalog; path = Images.xcassets; sourceTree = "<group>"; };
		312FFE351AA7E89D005D5477 /* Base */ = {isa = PBXFileReference; lastKnownFileType = file.xib; name = Base; path = Base.lproj/LaunchScreen.xib; sourceTree = "<group>"; };
		312FFE3B1AA7E89D005D5477 /* MetroAppTests.xctest */ = {isa = PBXFileReference; explicitFileType = wrapper.cfbundle; includeInIndex = 0; path = MetroAppTests.xctest; sourceTree = BUILT_PRODUCTS_DIR; };
		312FFE401AA7E89D005D5477 /* Info.plist */ = {isa = PBXFileReference; lastKnownFileType = text.plist.xml; path = Info.plist; sourceTree = "<group>"; };
		312FFE411AA7E89D005D5477 /* MetroAppTests.m */ = {isa = PBXFileReference; lastKnownFileType = sourcecode.c.objc; path = MetroAppTests.m; sourceTree = "<group>"; };
		312FFF371AA7EA4C005D5477 /* libz.dylib */ = {isa = PBXFileReference; lastKnownFileType = "compiled.mach-o.dylib"; name = libz.dylib; path = usr/lib/libz.dylib; sourceTree = SDKROOT; };
		312FFF391AA7EA55005D5477 /* Security.framework */ = {isa = PBXFileReference; lastKnownFileType = wrapper.framework; name = Security.framework; path = System/Library/Frameworks/Security.framework; sourceTree = SDKROOT; };
		312FFF3B1AA7EA63005D5477 /* libicucore.dylib */ = {isa = PBXFileReference; lastKnownFileType = "compiled.mach-o.dylib"; name = libicucore.dylib; path = usr/lib/libicucore.dylib; sourceTree = SDKROOT; };
		312FFF3D1AA830BF005D5477 /* ic_launcher.png */ = {isa = PBXFileReference; lastKnownFileType = image.png; path = ic_launcher.png; sourceTree = "<group>"; };
		31865C7C1AC61EFF007421BE /* MetroAppViewController.h */ = {isa = PBXFileReference; fileEncoding = 4; lastKnownFileType = sourcecode.c.h; path = MetroAppViewController.h; sourceTree = "<group>"; };
		31865C7D1AC61EFF007421BE /* MetroAppViewController.m */ = {isa = PBXFileReference; fileEncoding = 4; lastKnownFileType = sourcecode.c.objc; path = MetroAppViewController.m; sourceTree = "<group>"; };
		31865C841AC7E693007421BE /* Stops.xcdatamodel */ = {isa = PBXFileReference; lastKnownFileType = wrapper.xcdatamodel; path = Stops.xcdatamodel; sourceTree = "<group>"; };
		31865C881AC7EA04007421BE /* libsqlite3.dylib */ = {isa = PBXFileReference; lastKnownFileType = "compiled.mach-o.dylib"; name = libsqlite3.dylib; path = usr/lib/libsqlite3.dylib; sourceTree = SDKROOT; };
		31865C8E1AC7EAAC007421BE /* StopNameInfo.h */ = {isa = PBXFileReference; fileEncoding = 4; lastKnownFileType = sourcecode.c.h; path = StopNameInfo.h; sourceTree = "<group>"; };
		31865C8F1AC7EAAC007421BE /* StopNameInfo.m */ = {isa = PBXFileReference; fileEncoding = 4; lastKnownFileType = sourcecode.c.objc; path = StopNameInfo.m; sourceTree = "<group>"; };
		31865C931AC7FAAA007421BE /* StopNames.sqlite3 */ = {isa = PBXFileReference; lastKnownFileType = file; name = StopNames.sqlite3; path = metroapp/app/src/main/assets/databases/StopNames.sqlite3; sourceTree = "<group>"; };
		31865C981AC897F9007421BE /* Examples.m */ = {isa = PBXFileReference; fileEncoding = 4; lastKnownFileType = sourcecode.c.objc; path = Examples.m; sourceTree = "<group>"; };
		31A87BB11AAAA63B00013DEC /* PredictionManager.h */ = {isa = PBXFileReference; fileEncoding = 4; lastKnownFileType = sourcecode.c.h; path = PredictionManager.h; sourceTree = "<group>"; };
		31A87BB21AAAA63B00013DEC /* PredictionManager.m */ = {isa = PBXFileReference; fileEncoding = 4; lastKnownFileType = sourcecode.c.objc; path = PredictionManager.m; sourceTree = "<group>"; };
/* End PBXFileReference section */

/* Begin PBXFrameworksBuildPhase section */
		312FFE1F1AA7E89C005D5477 /* Frameworks */ = {
			isa = PBXFrameworksBuildPhase;
			buildActionMask = 2147483647;
			files = (
				31865C891AC7EA04007421BE /* libsqlite3.dylib in Frameworks */,
				312FFF3C1AA7EA63005D5477 /* libicucore.dylib in Frameworks */,
				312FFF3A1AA7EA55005D5477 /* Security.framework in Frameworks */,
				312FFF381AA7EA4C005D5477 /* libz.dylib in Frameworks */,
			);
			runOnlyForDeploymentPostprocessing = 0;
		};
		312FFE381AA7E89D005D5477 /* Frameworks */ = {
			isa = PBXFrameworksBuildPhase;
			buildActionMask = 2147483647;
			files = (
				31865C921AC7F546007421BE /* libsqlite3.dylib in Frameworks */,
			);
			runOnlyForDeploymentPostprocessing = 0;
		};
/* End PBXFrameworksBuildPhase section */

/* Begin PBXGroup section */
		310A049B1ACB3857000E1B8E /* lametroapp */ = {
			isa = PBXGroup;
			children = (
				310A04C71ACB3858000E1B8E /* java_core */,
			);
			name = lametroapp;
			path = metroapp/app/src/main/java/com/remulasce/lametroapp;
			sourceTree = "<group>";
		};
		310A04C71ACB3858000E1B8E /* java_core */ = {
			isa = PBXGroup;
			children = (
				310A04C81ACB3858000E1B8E /* analytics */,
				310A04CB1ACB3858000E1B8E /* basic_types */,
				310A04D31ACB3858000E1B8E /* dynamic_data */,
				310A04DD1ACB3858000E1B8E /* LaMetroUtil.java */,
				310A04DE1ACB3858000E1B8E /* location */,
				310A04E11ACB3858000E1B8E /* network_status */,
				310A04E31ACB3858000E1B8E /* ServiceRequestHandler.java */,
				310A04E41ACB3858000E1B8E /* static_data */,
			);
			path = java_core;
			sourceTree = "<group>";
		};
		310A04C81ACB3858000E1B8E /* analytics */ = {
			isa = PBXGroup;
			children = (
				310A04C91ACB3858000E1B8E /* Log.java */,
				310A04CA1ACB3858000E1B8E /* Tracking.java */,
			);
			path = analytics;
			sourceTree = "<group>";
		};
		310A04CB1ACB3858000E1B8E /* basic_types */ = {
			isa = PBXGroup;
			children = (
				310A04CC1ACB3858000E1B8E /* BasicLocation.java */,
				310A04CD1ACB3858000E1B8E /* Destination.java */,
				310A04CE1ACB3858000E1B8E /* Route.java */,
				310A04CF1ACB3858000E1B8E /* ServiceRequest.java */,
				310A04D01ACB3858000E1B8E /* Stop.java */,
				310A04D11ACB3858000E1B8E /* StopServiceRequest.java */,
				310A04D21ACB3858000E1B8E /* Vehicle.java */,
			);
			path = basic_types;
			sourceTree = "<group>";
		};
		310A04D31ACB3858000E1B8E /* dynamic_data */ = {
			isa = PBXGroup;
			children = (
				310A04D41ACB3858000E1B8E /* HTTPGetter.java */,
				310A04D51ACB3858000E1B8E /* PredictionManager.java */,
				310A04D61ACB3858000E1B8E /* types */,
			);
			path = dynamic_data;
			sourceTree = "<group>";
		};
		310A04D61ACB3858000E1B8E /* types */ = {
			isa = PBXGroup;
			children = (
				310A04D71ACB3858000E1B8E /* Arrival.java */,
				310A04D81ACB3858000E1B8E /* MultiArrivalTrip.java */,
				310A04D91ACB3858000E1B8E /* Prediction.java */,
				310A04DA1ACB3858000E1B8E /* StopRouteDestinationArrival.java */,
				310A04DB1ACB3858000E1B8E /* StopRouteDestinationPrediction.java */,
				310A04DC1ACB3858000E1B8E /* Trip.java */,
			);
			path = types;
			sourceTree = "<group>";
		};
		310A04DE1ACB3858000E1B8E /* location */ = {
			isa = PBXGroup;
			children = (
				310A04DF1ACB3858000E1B8E /* GlobalLocationProvider.java */,
				310A04E01ACB3858000E1B8E /* LocationRetriever.java */,
			);
			path = location;
			sourceTree = "<group>";
		};
		310A04E11ACB3858000E1B8E /* network_status */ = {
			isa = PBXGroup;
			children = (
				310A04E21ACB3858000E1B8E /* NetworkStatusReporter.java */,
			);
			path = network_status;
			sourceTree = "<group>";
		};
		310A04E41ACB3858000E1B8E /* static_data */ = {
			isa = PBXGroup;
			children = (
				310A04E51ACB3858000E1B8E /* RouteColorer.java */,
				310A04E61ACB3858000E1B8E /* StopLocationTranslator.java */,
				310A04E71ACB3858000E1B8E /* StopNameTranslator.java */,
				310A04E81ACB3858000E1B8E /* types */,
			);
			path = static_data;
			sourceTree = "<group>";
		};
		310A04E81ACB3858000E1B8E /* types */ = {
			isa = PBXGroup;
			children = (
				310A04E91ACB3858000E1B8E /* RouteColor.java */,
			);
			path = types;
			sourceTree = "<group>";
		};
		312FFE191AA7E89C005D5477 = {
			isa = PBXGroup;
			children = (
				31865C881AC7EA04007421BE /* libsqlite3.dylib */,
				312FFF3D1AA830BF005D5477 /* ic_launcher.png */,
				312FFF3B1AA7EA63005D5477 /* libicucore.dylib */,
				312FFF391AA7EA55005D5477 /* Security.framework */,
				312FFF371AA7EA4C005D5477 /* libz.dylib */,
				312FFE241AA7E89C005D5477 /* MetroApp */,
				312FFE3E1AA7E89D005D5477 /* MetroAppTests */,
				312FFE231AA7E89C005D5477 /* Products */,
			);
			sourceTree = "<group>";
		};
		312FFE231AA7E89C005D5477 /* Products */ = {
			isa = PBXGroup;
			children = (
				312FFE221AA7E89C005D5477 /* MetroApp.app */,
				312FFE3B1AA7E89D005D5477 /* MetroAppTests.xctest */,
			);
			name = Products;
			sourceTree = "<group>";
		};
		312FFE241AA7E89C005D5477 /* MetroApp */ = {
			isa = PBXGroup;
			children = (
				310A049B1ACB3857000E1B8E /* lametroapp */,
				31865C8D1AC7EA97007421BE /* Database */,
				31865C781AC61EAE007421BE /* Controllers */,
				31865C741AC61E77007421BE /* Views */,
				312FFE291AA7E89C005D5477 /* AppDelegate.h */,
				312FFE2A1AA7E89C005D5477 /* AppDelegate.m */,
				312FFE2C1AA7E89C005D5477 /* ViewController.h */,
				312FFE2D1AA7E89C005D5477 /* ViewController.m */,
				312FFE2F1AA7E89D005D5477 /* Main.storyboard */,
				312FFE321AA7E89D005D5477 /* Images.xcassets */,
				312FFE341AA7E89D005D5477 /* LaunchScreen.xib */,
				312FFE251AA7E89C005D5477 /* Supporting Files */,
				31A87BB11AAAA63B00013DEC /* PredictionManager.h */,
				31A87BB21AAAA63B00013DEC /* PredictionManager.m */,
			);
			path = MetroApp;
			sourceTree = "<group>";
		};
		312FFE251AA7E89C005D5477 /* Supporting Files */ = {
			isa = PBXGroup;
			children = (
				312FFE261AA7E89C005D5477 /* Info.plist */,
				312FFE271AA7E89C005D5477 /* main.m */,
			);
			name = "Supporting Files";
			sourceTree = "<group>";
		};
		312FFE3E1AA7E89D005D5477 /* MetroAppTests */ = {
			isa = PBXGroup;
			children = (
				312FFE411AA7E89D005D5477 /* MetroAppTests.m */,
				312FFE3F1AA7E89D005D5477 /* Supporting Files */,
			);
			path = MetroAppTests;
			sourceTree = "<group>";
		};
		312FFE3F1AA7E89D005D5477 /* Supporting Files */ = {
			isa = PBXGroup;
			children = (
				312FFE401AA7E89D005D5477 /* Info.plist */,
			);
			name = "Supporting Files";
			sourceTree = "<group>";
		};
		31865C741AC61E77007421BE /* Views */ = {
			isa = PBXGroup;
			children = (
			);
			name = Views;
			sourceTree = "<group>";
		};
		31865C781AC61EAE007421BE /* Controllers */ = {
			isa = PBXGroup;
			children = (
				31865C7C1AC61EFF007421BE /* MetroAppViewController.h */,
				31865C7D1AC61EFF007421BE /* MetroAppViewController.m */,
				31865C981AC897F9007421BE /* Examples.m */,
				31865C831AC7E693007421BE /* Stops.xcdatamodeld */,
			);
			name = Controllers;
			sourceTree = "<group>";
		};
		31865C8D1AC7EA97007421BE /* Database */ = {
			isa = PBXGroup;
			children = (
				310A04961ACB323C000E1B8E /* StopNameDatabase.h */,
				310A04971ACB323C000E1B8E /* StopNameDatabase.m */,
				31865C931AC7FAAA007421BE /* StopNames.sqlite3 */,
				31865C8E1AC7EAAC007421BE /* StopNameInfo.h */,
				31865C8F1AC7EAAC007421BE /* StopNameInfo.m */,
			);
			name = Database;
			sourceTree = "<group>";
		};
/* End PBXGroup section */

/* Begin PBXNativeTarget section */
		312FFE211AA7E89C005D5477 /* MetroApp */ = {
			isa = PBXNativeTarget;
			buildConfigurationList = 312FFE451AA7E89D005D5477 /* Build configuration list for PBXNativeTarget "MetroApp" */;
			buildPhases = (
				312FFE1E1AA7E89C005D5477 /* Sources */,
				312FFE1F1AA7E89C005D5477 /* Frameworks */,
				312FFE201AA7E89C005D5477 /* Resources */,
				31865C821AC75736007421BE /* ShellScript */,
			);
			buildRules = (
				312FFF361AA7E92B005D5477 /* PBXBuildRule */,
			);
			dependencies = (
			);
			name = MetroApp;
			productName = MetroApp;
			productReference = 312FFE221AA7E89C005D5477 /* MetroApp.app */;
			productType = "com.apple.product-type.application";
		};
		312FFE3A1AA7E89D005D5477 /* MetroAppTests */ = {
			isa = PBXNativeTarget;
			buildConfigurationList = 312FFE481AA7E89D005D5477 /* Build configuration list for PBXNativeTarget "MetroAppTests" */;
			buildPhases = (
				312FFE371AA7E89D005D5477 /* Sources */,
				312FFE381AA7E89D005D5477 /* Frameworks */,
				312FFE391AA7E89D005D5477 /* Resources */,
			);
			buildRules = (
			);
			dependencies = (
				312FFE3D1AA7E89D005D5477 /* PBXTargetDependency */,
			);
			name = MetroAppTests;
			productName = MetroAppTests;
			productReference = 312FFE3B1AA7E89D005D5477 /* MetroAppTests.xctest */;
			productType = "com.apple.product-type.bundle.unit-test";
		};
/* End PBXNativeTarget section */

/* Begin PBXProject section */
		312FFE1A1AA7E89C005D5477 /* Project object */ = {
			isa = PBXProject;
			attributes = {
				LastUpgradeCheck = 0610;
				ORGANIZATIONNAME = Nought;
				TargetAttributes = {
					312FFE211AA7E89C005D5477 = {
						CreatedOnToolsVersion = 6.1.1;
						DevelopmentTeam = 3TK448NYTK;
					};
					312FFE3A1AA7E89D005D5477 = {
						CreatedOnToolsVersion = 6.1.1;
						TestTargetID = 312FFE211AA7E89C005D5477;
					};
				};
			};
			buildConfigurationList = 312FFE1D1AA7E89C005D5477 /* Build configuration list for PBXProject "MetroApp" */;
			compatibilityVersion = "Xcode 3.2";
			developmentRegion = English;
			hasScannedForEncodings = 0;
			knownRegions = (
				en,
				Base,
			);
			mainGroup = 312FFE191AA7E89C005D5477;
			productRefGroup = 312FFE231AA7E89C005D5477 /* Products */;
			projectDirPath = "";
			projectRoot = "";
			targets = (
				312FFE211AA7E89C005D5477 /* MetroApp */,
				312FFE3A1AA7E89D005D5477 /* MetroAppTests */,
			);
		};
/* End PBXProject section */

/* Begin PBXResourcesBuildPhase section */
		312FFE201AA7E89C005D5477 /* Resources */ = {
			isa = PBXResourcesBuildPhase;
			buildActionMask = 2147483647;
			files = (
				312FFE311AA7E89D005D5477 /* Main.storyboard in Resources */,
				312FFE361AA7E89D005D5477 /* LaunchScreen.xib in Resources */,
				312FFE331AA7E89D005D5477 /* Images.xcassets in Resources */,
				31865C941AC7FAAA007421BE /* StopNames.sqlite3 in Resources */,
				312FFF3E1AA830BF005D5477 /* ic_launcher.png in Resources */,
			);
			runOnlyForDeploymentPostprocessing = 0;
		};
		312FFE391AA7E89D005D5477 /* Resources */ = {
			isa = PBXResourcesBuildPhase;
			buildActionMask = 2147483647;
			files = (
			);
			runOnlyForDeploymentPostprocessing = 0;
		};
/* End PBXResourcesBuildPhase section */

/* Begin PBXShellScriptBuildPhase section */
		31865C821AC75736007421BE /* ShellScript */ = {
			isa = PBXShellScriptBuildPhase;
			buildActionMask = 2147483647;
			files = (
			);
			inputPaths = (
			);
			outputPaths = (
			);
			runOnlyForDeploymentPostprocessing = 0;
			shellPath = /bin/sh;
			shellScript = "cp -a ${DERIVED_FILES_DIR}/*.* /Users/nighelles/Desktop/MetroAppIOS/GeneratedFiles/;\n";
		};
/* End PBXShellScriptBuildPhase section */

/* Begin PBXSourcesBuildPhase section */
		312FFE1E1AA7E89C005D5477 /* Sources */ = {
			isa = PBXSourcesBuildPhase;
			buildActionMask = 2147483647;
			files = (
				310A05221ACB3858000E1B8E /* MultiArrivalTrip.java in Sources */,
				310A051B1ACB3858000E1B8E /* ServiceRequest.java in Sources */,
				310A051E1ACB3858000E1B8E /* Vehicle.java in Sources */,
				310A05181ACB3858000E1B8E /* BasicLocation.java in Sources */,
				312FFE2E1AA7E89C005D5477 /* ViewController.m in Sources */,
				310A05191ACB3858000E1B8E /* Destination.java in Sources */,
				310A052C1ACB3858000E1B8E /* RouteColorer.java in Sources */,
				310A05271ACB3858000E1B8E /* LaMetroUtil.java in Sources */,
				310A05231ACB3858000E1B8E /* Prediction.java in Sources */,
				310A052B1ACB3858000E1B8E /* ServiceRequestHandler.java in Sources */,
				310A052A1ACB3858000E1B8E /* NetworkStatusReporter.java in Sources */,
				312FFE2B1AA7E89C005D5477 /* AppDelegate.m in Sources */,
				310A052E1ACB3858000E1B8E /* StopNameTranslator.java in Sources */,
				310A05291ACB3858000E1B8E /* LocationRetriever.java in Sources */,
				310A05201ACB3858000E1B8E /* PredictionManager.java in Sources */,
				31865C901AC7EAAC007421BE /* StopNameInfo.m in Sources */,
				310A05281ACB3858000E1B8E /* GlobalLocationProvider.java in Sources */,
				310A051F1ACB3858000E1B8E /* HTTPGetter.java in Sources */,
				310A05261ACB3858000E1B8E /* Trip.java in Sources */,
				310A05171ACB3858000E1B8E /* Tracking.java in Sources */,
				310A052D1ACB3858000E1B8E /* StopLocationTranslator.java in Sources */,
				310A05211ACB3858000E1B8E /* Arrival.java in Sources */,
				310A051A1ACB3858000E1B8E /* Route.java in Sources */,
				310A052F1ACB3858000E1B8E /* RouteColor.java in Sources */,
				310A05241ACB3858000E1B8E /* StopRouteDestinationArrival.java in Sources */,
				312FFE281AA7E89C005D5477 /* main.m in Sources */,
				31865C851AC7E693007421BE /* Stops.xcdatamodeld in Sources */,
				31865C7E1AC61EFF007421BE /* MetroAppViewController.m in Sources */,
				31A87BB31AAAA63B00013DEC /* PredictionManager.m in Sources */,
				310A05161ACB3858000E1B8E /* Log.java in Sources */,
				310A04981ACB323C000E1B8E /* StopNameDatabase.m in Sources */,
				310A051D1ACB3858000E1B8E /* StopServiceRequest.java in Sources */,
				310A05251ACB3858000E1B8E /* StopRouteDestinationPrediction.java in Sources */,
				310A051C1ACB3858000E1B8E /* Stop.java in Sources */,
			);
			runOnlyForDeploymentPostprocessing = 0;
		};
		312FFE371AA7E89D005D5477 /* Sources */ = {
			isa = PBXSourcesBuildPhase;
			buildActionMask = 2147483647;
			files = (
				312FFE421AA7E89D005D5477 /* MetroAppTests.m in Sources */,
			);
			runOnlyForDeploymentPostprocessing = 0;
		};
/* End PBXSourcesBuildPhase section */

/* Begin PBXTargetDependency section */
		312FFE3D1AA7E89D005D5477 /* PBXTargetDependency */ = {
			isa = PBXTargetDependency;
			target = 312FFE211AA7E89C005D5477 /* MetroApp */;
			targetProxy = 312FFE3C1AA7E89D005D5477 /* PBXContainerItemProxy */;
		};
/* End PBXTargetDependency section */

/* Begin PBXVariantGroup section */
		312FFE2F1AA7E89D005D5477 /* Main.storyboard */ = {
			isa = PBXVariantGroup;
			children = (
				312FFE301AA7E89D005D5477 /* Base */,
			);
			name = Main.storyboard;
			sourceTree = "<group>";
		};
		312FFE341AA7E89D005D5477 /* LaunchScreen.xib */ = {
			isa = PBXVariantGroup;
			children = (
				312FFE351AA7E89D005D5477 /* Base */,
			);
			name = LaunchScreen.xib;
			sourceTree = "<group>";
		};
/* End PBXVariantGroup section */

/* Begin XCBuildConfiguration section */
		312FFE431AA7E89D005D5477 /* Debug */ = {
			isa = XCBuildConfiguration;
			buildSettings = {
				ALWAYS_SEARCH_USER_PATHS = NO;
				CLANG_CXX_LANGUAGE_STANDARD = "gnu++0x";
				CLANG_CXX_LIBRARY = "libc++";
				CLANG_ENABLE_MODULES = YES;
				CLANG_ENABLE_OBJC_ARC = YES;
				CLANG_WARN_BOOL_CONVERSION = YES;
				CLANG_WARN_CONSTANT_CONVERSION = YES;
				CLANG_WARN_DIRECT_OBJC_ISA_USAGE = YES_ERROR;
				CLANG_WARN_EMPTY_BODY = YES;
				CLANG_WARN_ENUM_CONVERSION = YES;
				CLANG_WARN_INT_CONVERSION = YES;
				CLANG_WARN_OBJC_ROOT_CLASS = YES_ERROR;
				CLANG_WARN_UNREACHABLE_CODE = YES;
				CLANG_WARN__DUPLICATE_METHOD_MATCH = YES;
				"CODE_SIGN_IDENTITY[sdk=iphoneos*]" = "iPhone Developer";
				COPY_PHASE_STRIP = NO;
				ENABLE_STRICT_OBJC_MSGSEND = YES;
				GCC_C_LANGUAGE_STANDARD = gnu99;
				GCC_DYNAMIC_NO_PIC = NO;
				GCC_OPTIMIZATION_LEVEL = 0;
				GCC_PREPROCESSOR_DEFINITIONS = (
					"DEBUG=1",
					"$(inherited)",
				);
				GCC_SYMBOLS_PRIVATE_EXTERN = NO;
				GCC_WARN_64_TO_32_BIT_CONVERSION = YES;
				GCC_WARN_ABOUT_RETURN_TYPE = YES_ERROR;
				GCC_WARN_UNDECLARED_SELECTOR = YES;
				GCC_WARN_UNINITIALIZED_AUTOS = YES_AGGRESSIVE;
				GCC_WARN_UNUSED_FUNCTION = YES;
				GCC_WARN_UNUSED_VARIABLE = YES;
				IPHONEOS_DEPLOYMENT_TARGET = 8.1;
				MTL_ENABLE_DEBUG_INFO = YES;
				ONLY_ACTIVE_ARCH = YES;
				SDKROOT = iphoneos;
				TARGETED_DEVICE_FAMILY = "1,2";
			};
			name = Debug;
		};
		312FFE441AA7E89D005D5477 /* Release */ = {
			isa = XCBuildConfiguration;
			buildSettings = {
				ALWAYS_SEARCH_USER_PATHS = NO;
				CLANG_CXX_LANGUAGE_STANDARD = "gnu++0x";
				CLANG_CXX_LIBRARY = "libc++";
				CLANG_ENABLE_MODULES = YES;
				CLANG_ENABLE_OBJC_ARC = YES;
				CLANG_WARN_BOOL_CONVERSION = YES;
				CLANG_WARN_CONSTANT_CONVERSION = YES;
				CLANG_WARN_DIRECT_OBJC_ISA_USAGE = YES_ERROR;
				CLANG_WARN_EMPTY_BODY = YES;
				CLANG_WARN_ENUM_CONVERSION = YES;
				CLANG_WARN_INT_CONVERSION = YES;
				CLANG_WARN_OBJC_ROOT_CLASS = YES_ERROR;
				CLANG_WARN_UNREACHABLE_CODE = YES;
				CLANG_WARN__DUPLICATE_METHOD_MATCH = YES;
				"CODE_SIGN_IDENTITY[sdk=iphoneos*]" = "iPhone Developer";
				COPY_PHASE_STRIP = YES;
				ENABLE_NS_ASSERTIONS = NO;
				ENABLE_STRICT_OBJC_MSGSEND = YES;
				GCC_C_LANGUAGE_STANDARD = gnu99;
				GCC_WARN_64_TO_32_BIT_CONVERSION = YES;
				GCC_WARN_ABOUT_RETURN_TYPE = YES_ERROR;
				GCC_WARN_UNDECLARED_SELECTOR = YES;
				GCC_WARN_UNINITIALIZED_AUTOS = YES_AGGRESSIVE;
				GCC_WARN_UNUSED_FUNCTION = YES;
				GCC_WARN_UNUSED_VARIABLE = YES;
				IPHONEOS_DEPLOYMENT_TARGET = 8.1;
				MTL_ENABLE_DEBUG_INFO = NO;
				SDKROOT = iphoneos;
				TARGETED_DEVICE_FAMILY = "1,2";
				VALIDATE_PRODUCT = YES;
			};
			name = Release;
		};
		312FFE461AA7E89D005D5477 /* Debug */ = {
			isa = XCBuildConfiguration;
			buildSettings = {
				ALWAYS_SEARCH_USER_PATHS = NO;
				ASSETCATALOG_COMPILER_APPICON_NAME = AppIcon;
				CODE_SIGN_IDENTITY = "iPhone Developer";
				"CODE_SIGN_IDENTITY[sdk=iphoneos*]" = "iPhone Developer";
				HEADER_SEARCH_PATHS = (
					"$(inherited)",
					/Applications/Xcode.app/Contents/Developer/Toolchains/XcodeDefault.xctoolchain/usr/include,
					"$distribution-path/include",
					"${DERIVED_FILES_DIR}",
				);
				INFOPLIST_FILE = MetroApp/Info.plist;
				LD_RUNPATH_SEARCH_PATHS = "$(inherited) @executable_path/Frameworks";
				LIBRARY_SEARCH_PATHS = "";
				"LIBRARY_SEARCH_PATHS[arch=*]" = "/Users/nighelles/Desktop/j2objc-master/dist/lib/";
				OTHER_LDFLAGS = "-ljre_emul";
				PRODUCT_NAME = "$(TARGET_NAME)";
				PROVISIONING_PROFILE = "";
				USER_HEADER_SEARCH_PATHS = "/Users/nighelles/Desktop/j2objc-master/dist/include ${DERIVED_FILES_DIR}";
			};
			name = Debug;
		};
		312FFE471AA7E89D005D5477 /* Release */ = {
			isa = XCBuildConfiguration;
			buildSettings = {
				ALWAYS_SEARCH_USER_PATHS = NO;
				ASSETCATALOG_COMPILER_APPICON_NAME = AppIcon;
				CODE_SIGN_IDENTITY = "iPhone Developer";
				"CODE_SIGN_IDENTITY[sdk=iphoneos*]" = "iPhone Developer";
				HEADER_SEARCH_PATHS = (
					"$(inherited)",
					/Applications/Xcode.app/Contents/Developer/Toolchains/XcodeDefault.xctoolchain/usr/include,
					"$distribution-path/include",
					"${DERIVED_FILES_DIR}",
				);
				INFOPLIST_FILE = MetroApp/Info.plist;
				LD_RUNPATH_SEARCH_PATHS = "$(inherited) @executable_path/Frameworks";
				LIBRARY_SEARCH_PATHS = "";
				"LIBRARY_SEARCH_PATHS[arch=*]" = "/Users/nighelles/Desktop/j2objc-master/dist/lib/";
				OTHER_LDFLAGS = "-ljre_emul";
				PRODUCT_NAME = "$(TARGET_NAME)";
				PROVISIONING_PROFILE = "";
				USER_HEADER_SEARCH_PATHS = "/Users/nighelles/Desktop/j2objc-master/dist/include ${DERIVED_FILES_DIR}";
			};
			name = Release;
		};
		312FFE491AA7E89D005D5477 /* Debug */ = {
			isa = XCBuildConfiguration;
			buildSettings = {
				BUNDLE_LOADER = "$(TEST_HOST)";
				FRAMEWORK_SEARCH_PATHS = (
					"$(SDKROOT)/Developer/Library/Frameworks",
					"$(inherited)",
				);
				GCC_PREPROCESSOR_DEFINITIONS = (
					"DEBUG=1",
					"$(inherited)",
				);
				INFOPLIST_FILE = MetroAppTests/Info.plist;
				LD_RUNPATH_SEARCH_PATHS = "$(inherited) @executable_path/Frameworks @loader_path/Frameworks";
				PRODUCT_NAME = "$(TARGET_NAME)";
				TEST_HOST = "$(BUILT_PRODUCTS_DIR)/MetroApp.app/MetroApp";
			};
			name = Debug;
		};
		312FFE4A1AA7E89D005D5477 /* Release */ = {
			isa = XCBuildConfiguration;
			buildSettings = {
				BUNDLE_LOADER = "$(TEST_HOST)";
				FRAMEWORK_SEARCH_PATHS = (
					"$(SDKROOT)/Developer/Library/Frameworks",
					"$(inherited)",
				);
				INFOPLIST_FILE = MetroAppTests/Info.plist;
				LD_RUNPATH_SEARCH_PATHS = "$(inherited) @executable_path/Frameworks @loader_path/Frameworks";
				PRODUCT_NAME = "$(TARGET_NAME)";
				TEST_HOST = "$(BUILT_PRODUCTS_DIR)/MetroApp.app/MetroApp";
			};
			name = Release;
		};
/* End XCBuildConfiguration section */

/* Begin XCConfigurationList section */
		312FFE1D1AA7E89C005D5477 /* Build configuration list for PBXProject "MetroApp" */ = {
			isa = XCConfigurationList;
			buildConfigurations = (
				312FFE431AA7E89D005D5477 /* Debug */,
				312FFE441AA7E89D005D5477 /* Release */,
			);
			defaultConfigurationIsVisible = 0;
			defaultConfigurationName = Release;
		};
		312FFE451AA7E89D005D5477 /* Build configuration list for PBXNativeTarget "MetroApp" */ = {
			isa = XCConfigurationList;
			buildConfigurations = (
				312FFE461AA7E89D005D5477 /* Debug */,
				312FFE471AA7E89D005D5477 /* Release */,
			);
			defaultConfigurationIsVisible = 0;
			defaultConfigurationName = Release;
		};
		312FFE481AA7E89D005D5477 /* Build configuration list for PBXNativeTarget "MetroAppTests" */ = {
			isa = XCConfigurationList;
			buildConfigurations = (
				312FFE491AA7E89D005D5477 /* Debug */,
				312FFE4A1AA7E89D005D5477 /* Release */,
			);
			defaultConfigurationIsVisible = 0;
			defaultConfigurationName = Release;
		};
/* End XCConfigurationList section */

/* Begin XCVersionGroup section */
		31865C831AC7E693007421BE /* Stops.xcdatamodeld */ = {
			isa = XCVersionGroup;
			children = (
				31865C841AC7E693007421BE /* Stops.xcdatamodel */,
			);
			currentVersion = 31865C841AC7E693007421BE /* Stops.xcdatamodel */;
			path = Stops.xcdatamodeld;
			sourceTree = "<group>";
			versionGroupType = wrapper.xcdatamodel;
		};
/* End XCVersionGroup section */
	};
	rootObject = 312FFE1A1AA7E89C005D5477 /* Project object */;
}
